# This file is generated by running "yarn install" inside your project.
# Manual changes might be lost - proceed with caution!

__metadata:
  version: 8
  cacheKey: 10c0

"@lit-labs/ssr-dom-shim@npm:^1.2.0":
  version: 1.2.0
  resolution: "@lit-labs/ssr-dom-shim@npm:1.2.0"
  checksum: 10c0/016168cf6901ab343462c13fb168dda6d549f8b42680aa394e6b7cd0af7cce51271e00dbfa5bbbe388912bf89cbb8f941a21cc3ec9bf95d6a84b6241aa9e5a72
  languageName: node
  linkType: hard

"@lit/reactive-element@npm:^2.0.4":
  version: 2.0.4
  resolution: "@lit/reactive-element@npm:2.0.4"
  dependencies:
    "@lit-labs/ssr-dom-shim": "npm:^1.2.0"
  checksum: 10c0/359cc19ea9ee8b65e1417eb9c12f40dddba8f0a5ab32f0e5facaecee6060629e44eb4ca27d9af945fe6eda8c033aa636abaa5f0c4e6a529b224d78674acf47ba
  languageName: node
  linkType: hard

"@material/web@npm:^1.3.0":
  version: 1.3.0
  resolution: "@material/web@npm:1.3.0"
  dependencies:
    lit: "npm:^2.7.4 || ^3.0.0"
    tslib: "npm:^2.4.0"
  checksum: 10c0/a29422de73fcd558238f79b414b530b311b7eda1b2d4e8128eb146f3a37b90c6de766a74af11b87aaab3419deaf8b0d143db3f4a78592ea0bea71a9541792202
  languageName: node
  linkType: hard

"@popperjs/core@npm:^2.11.8":
  version: 2.11.8
  resolution: "@popperjs/core@npm:2.11.8"
  checksum: 10c0/4681e682abc006d25eb380d0cf3efc7557043f53b6aea7a5057d0d1e7df849a00e281cd8ea79c902a35a414d7919621fc2ba293ecec05f413598e0b23d5a1e63
  languageName: node
  linkType: hard

"@types/trusted-types@npm:^2.0.2":
  version: 2.0.7
  resolution: "@types/trusted-types@npm:2.0.7"
  checksum: 10c0/4c4855f10de7c6c135e0d32ce462419d8abbbc33713b31d294596c0cc34ae1fa6112a2f9da729c8f7a20707782b0d69da3b1f8df6645b0366d08825ca1522e0c
  languageName: node
  linkType: hard

"bootstrap@npm:5.3.3":
  version: 5.3.3
  resolution: "bootstrap@npm:5.3.3"
  peerDependencies:
    "@popperjs/core": ^2.11.8
  checksum: 10c0/bb68ca7b763977b9cce40cb5b8c676ae19a716d2f5d15009fa7bdbcec9dea426968e3cb748fbed7592fbf10edd7c749aea841c2920996a7c1aa5e0a6e2d4c2ad
  languageName: node
  linkType: hard

"lit-element@npm:^4.0.4":
  version: 4.0.4
  resolution: "lit-element@npm:4.0.4"
  dependencies:
    "@lit-labs/ssr-dom-shim": "npm:^1.2.0"
    "@lit/reactive-element": "npm:^2.0.4"
    lit-html: "npm:^3.1.2"
  checksum: 10c0/c8fa358ff8208b5ef4e40018e4e6f3ad691ffc6aaaf32bec222b2e9117da18f92c80ecd41d394d494e9a55f7b0eee8a18a6529b401698f1f35dbe353a3042339
  languageName: node
  linkType: hard

"lit-html@npm:^3.1.2":
  version: 3.1.2
  resolution: "lit-html@npm:3.1.2"
  dependencies:
    "@types/trusted-types": "npm:^2.0.2"
  checksum: 10c0/923ef6e0d52aef0cd1f3d6922c7b46e9de7efe0493b205da7f0e5a1d50ab02884cab87425886e2281396ece7745e4b794220bb5e8c4fedbdba47281aeeb489d3
  languageName: node
  linkType: hard

"lit@npm:^2.7.4 || ^3.0.0":
  version: 3.1.2
  resolution: "lit@npm:3.1.2"
  dependencies:
    "@lit/reactive-element": "npm:^2.0.4"
    lit-element: "npm:^4.0.4"
    lit-html: "npm:^3.1.2"
  checksum: 10c0/47f10dbc6716974de6d6d6b75db278ac28869839c099e77f8f8494b25b1d3913f2c62126a52372a8b0c5e4a1d0d2301637d98d9ff1e583ee7d961998686810c9
  languageName: node
  linkType: hard

"root-workspace-0b6124@workspace:.":
  version: 0.0.0-use.local
  resolution: "root-workspace-0b6124@workspace:."
  dependencies:
    "@material/web": "npm:^1.3.0"
    "@popperjs/core": "npm:^2.11.8"
    bootstrap: "npm:5.3.3"
  languageName: unknown
  linkType: soft

"tslib@npm:^2.4.0":
  version: 2.6.2
  resolution: "tslib@npm:2.6.2"
  checksum: 10c0/e03a8a4271152c8b26604ed45535954c0a45296e32445b4b87f8a5abdb2421f40b59b4ca437c4346af0f28179780d604094eb64546bee2019d903d01c6c19bdb
  languageName: node
  linkType: hard
